// !$*UTF8*$!
{
	archiveVersion = 1;
	classes = {
	};
	objectVersion = 46;
	objects = {

/* Begin PBXBuildFile section */
		9B3F7F8DF8A8D17ECCEB3500 /* libPods.a in Frameworks */ = {isa = PBXBuildFile; fileRef = EBE1D9FB3E700A4BACC6306B /* libPods.a */; };
		C202DFDA1CC0EAA5007083CD /* UIBarButtonItem+Extension.m in Sources */ = {isa = PBXBuildFile; fileRef = C202DFD71CC0EAA5007083CD /* UIBarButtonItem+Extension.m */; };
		C202DFDB1CC0EAA5007083CD /* UIView+Extension.m in Sources */ = {isa = PBXBuildFile; fileRef = C202DFD91CC0EAA5007083CD /* UIView+Extension.m */; };
		C20325741CC21A8900CB7934 /* BaseModel.m in Sources */ = {isa = PBXBuildFile; fileRef = C20325731CC21A8900CB7934 /* BaseModel.m */; };
		C203257F1CC221A000CB7934 /* NetRequestManager.m in Sources */ = {isa = PBXBuildFile; fileRef = C203257E1CC221A000CB7934 /* NetRequestManager.m */; };
		C20325851CC2393C00CB7934 /* ScrollModel.m in Sources */ = {isa = PBXBuildFile; fileRef = C20325841CC2393C00CB7934 /* ScrollModel.m */; };
		C23004511CC52A5000C947D5 /* FootView.xib in Resources */ = {isa = PBXBuildFile; fileRef = C23004501CC52A5000C947D5 /* FootView.xib */; };
		C2376E671CC7151900BAEEA4 /* CycleScrollView.m in Sources */ = {isa = PBXBuildFile; fileRef = C2376E611CC7151900BAEEA4 /* CycleScrollView.m */; settings = {ASSET_TAGS = (); }; };
		C2376E681CC7151900BAEEA4 /* NSString+Html.m in Sources */ = {isa = PBXBuildFile; fileRef = C2376E631CC7151900BAEEA4 /* NSString+Html.m */; settings = {ASSET_TAGS = (); }; };
		C2376E691CC7151900BAEEA4 /* NSTimer+Addition.m in Sources */ = {isa = PBXBuildFile; fileRef = C2376E651CC7151900BAEEA4 /* NSTimer+Addition.m */; settings = {ASSET_TAGS = (); }; };
		C2376E6A1CC7151900BAEEA4 /* style.css in Resources */ = {isa = PBXBuildFile; fileRef = C2376E661CC7151900BAEEA4 /* style.css */; settings = {ASSET_TAGS = (); }; };
		C25662441CC5C81D00E6C156 /* ConsultingViewController.m in Sources */ = {isa = PBXBuildFile; fileRef = C25662221CC5C81D00E6C156 /* ConsultingViewController.m */; };
		C25662451CC5C81D00E6C156 /* HomePageViewController.m in Sources */ = {isa = PBXBuildFile; fileRef = C25662281CC5C81D00E6C156 /* HomePageViewController.m */; };
		C25662471CC5C81D00E6C156 /* FeedBackViewController.m in Sources */ = {isa = PBXBuildFile; fileRef = C25662331CC5C81D00E6C156 /* FeedBackViewController.m */; };
		C25662481CC5C81D00E6C156 /* FeedBackViewController.xib in Resources */ = {isa = PBXBuildFile; fileRef = C25662341CC5C81D00E6C156 /* FeedBackViewController.xib */; };
		C25662491CC5C81D00E6C156 /* PetLife.txt in Resources */ = {isa = PBXBuildFile; fileRef = C25662351CC5C81D00E6C156 /* PetLife.txt */; };
		C256624A1CC5C81D00E6C156 /* StatementViewController.m in Sources */ = {isa = PBXBuildFile; fileRef = C25662371CC5C81D00E6C156 /* StatementViewController.m */; };
		C256624B1CC5C81D00E6C156 /* StatementViewController.xib in Resources */ = {isa = PBXBuildFile; fileRef = C25662381CC5C81D00E6C156 /* StatementViewController.xib */; };
		C256624C1CC5C81D00E6C156 /* MySelfTableViewCell.m in Sources */ = {isa = PBXBuildFile; fileRef = C256623B1CC5C81D00E6C156 /* MySelfTableViewCell.m */; };
		C256624D1CC5C81D00E6C156 /* MySelfViewController.m in Sources */ = {isa = PBXBuildFile; fileRef = C256623D1CC5C81D00E6C156 /* MySelfViewController.m */; };
		C256624E1CC5C81D00E6C156 /* SearchViewController.m in Sources */ = {isa = PBXBuildFile; fileRef = C25662431CC5C81D00E6C156 /* SearchViewController.m */; };
		C25662521CC5C8E500E6C156 /* PetLife.txt in Resources */ = {isa = PBXBuildFile; fileRef = C25662511CC5C8E500E6C156 /* PetLife.txt */; };
		C259D3A01CC091B40045CA99 /* MainPageViewController.m in Sources */ = {isa = PBXBuildFile; fileRef = C259D3911CC091B40045CA99 /* MainPageViewController.m */; };
		C259D3A91CC096660045CA99 /* DownMenuTableViewController.m in Sources */ = {isa = PBXBuildFile; fileRef = C259D3A81CC096660045CA99 /* DownMenuTableViewController.m */; };
		C259D3AC1CC0997D0045CA99 /* DownMenuView.m in Sources */ = {isa = PBXBuildFile; fileRef = C259D3AB1CC0997D0045CA99 /* DownMenuView.m */; };
		C276E7791CC4FD5B0028C40E /* MyTableCell.m in Sources */ = {isa = PBXBuildFile; fileRef = C276E7771CC4FD5B0028C40E /* MyTableCell.m */; };
		C276E77A1CC4FD5B0028C40E /* MyTableCell.xib in Resources */ = {isa = PBXBuildFile; fileRef = C276E7781CC4FD5B0028C40E /* MyTableCell.xib */; };
		C276E77D1CC502030028C40E /* MyImage.m in Sources */ = {isa = PBXBuildFile; fileRef = C276E77C1CC502030028C40E /* MyImage.m */; };
		C276E7801CC508350028C40E /* CellModel.m in Sources */ = {isa = PBXBuildFile; fileRef = C276E77F1CC508350028C40E /* CellModel.m */; };
		C276E7831CC508430028C40E /* ItemModel.m in Sources */ = {isa = PBXBuildFile; fileRef = C276E7821CC508430028C40E /* ItemModel.m */; };
		C276E7851CC50FEB0028C40E /* MyImage.xib in Resources */ = {isa = PBXBuildFile; fileRef = C276E7841CC50FEB0028C40E /* MyImage.xib */; };
		C276E7881CC5264A0028C40E /* FootView.m in Sources */ = {isa = PBXBuildFile; fileRef = C276E7871CC5264A0028C40E /* FootView.m */; };
		C2EE7C771CC5DAB700F8BC7B /* KnowlageViewController.m in Sources */ = {isa = PBXBuildFile; fileRef = C2EE7C761CC5DAB700F8BC7B /* KnowlageViewController.m */; settings = {ASSET_TAGS = (); }; };
		C2EE7C7B1CC5DAC200F8BC7B /* TitleNavigation.m in Sources */ = {isa = PBXBuildFile; fileRef = C2EE7C791CC5DAC200F8BC7B /* TitleNavigation.m */; settings = {ASSET_TAGS = (); }; };
		C2EE7C7C1CC5DAC200F8BC7B /* TitleNavigation.xib in Resources */ = {isa = PBXBuildFile; fileRef = C2EE7C7A1CC5DAC200F8BC7B /* TitleNavigation.xib */; settings = {ASSET_TAGS = (); }; };
		C2EE7C7F1CC5DD8800F8BC7B /* KnowlageModel.m in Sources */ = {isa = PBXBuildFile; fileRef = C2EE7C7E1CC5DD8800F8BC7B /* KnowlageModel.m */; settings = {ASSET_TAGS = (); }; };
		C2EE7C831CC61F4800F8BC7B /* KnowlageTableViewCell.m in Sources */ = {isa = PBXBuildFile; fileRef = C2EE7C811CC61F4800F8BC7B /* KnowlageTableViewCell.m */; settings = {ASSET_TAGS = (); }; };
		C2EE7C841CC61F4800F8BC7B /* KnowlageTableViewCell.xib in Resources */ = {isa = PBXBuildFile; fileRef = C2EE7C821CC61F4800F8BC7B /* KnowlageTableViewCell.xib */; settings = {ASSET_TAGS = (); }; };
		C2EE7C871CC664F000F8BC7B /* KnowlageHeader.m in Sources */ = {isa = PBXBuildFile; fileRef = C2EE7C861CC664F000F8BC7B /* KnowlageHeader.m */; settings = {ASSET_TAGS = (); }; };
		C2EE7C891CC6650A00F8BC7B /* KnowlageHeader.xib in Resources */ = {isa = PBXBuildFile; fileRef = C2EE7C881CC6650A00F8BC7B /* KnowlageHeader.xib */; settings = {ASSET_TAGS = (); }; };
		C2EE7C8D1CC66B3C00F8BC7B /* KnowlageInfoViewController.m in Sources */ = {isa = PBXBuildFile; fileRef = C2EE7C8B1CC66B3C00F8BC7B /* KnowlageInfoViewController.m */; settings = {ASSET_TAGS = (); }; };
		C2EE7C8E1CC66B3C00F8BC7B /* KnowlageInfoViewController.xib in Resources */ = {isa = PBXBuildFile; fileRef = C2EE7C8C1CC66B3C00F8BC7B /* KnowlageInfoViewController.xib */; settings = {ASSET_TAGS = (); }; };
		C2FE04A41CBFDD740064377C /* main.m in Sources */ = {isa = PBXBuildFile; fileRef = C2FE04A31CBFDD740064377C /* main.m */; };
		C2FE04A71CBFDD740064377C /* AppDelegate.m in Sources */ = {isa = PBXBuildFile; fileRef = C2FE04A61CBFDD740064377C /* AppDelegate.m */; };
		C2FE04AA1CBFDD740064377C /* ViewController.m in Sources */ = {isa = PBXBuildFile; fileRef = C2FE04A91CBFDD740064377C /* ViewController.m */; };
		C2FE04AD1CBFDD740064377C /* Main.storyboard in Resources */ = {isa = PBXBuildFile; fileRef = C2FE04AB1CBFDD740064377C /* Main.storyboard */; };
		C2FE04AF1CBFDD740064377C /* Assets.xcassets in Resources */ = {isa = PBXBuildFile; fileRef = C2FE04AE1CBFDD740064377C /* Assets.xcassets */; };
		C2FE04B21CBFDD740064377C /* LaunchScreen.storyboard in Resources */ = {isa = PBXBuildFile; fileRef = C2FE04B01CBFDD740064377C /* LaunchScreen.storyboard */; };
/* End PBXBuildFile section */

/* Begin PBXFileReference section */
		2F2C11286B64CD5A14AA260F /* Pods.debug.xcconfig */ = {isa = PBXFileReference; includeInIndex = 1; lastKnownFileType = text.xcconfig; name = Pods.debug.xcconfig; path = "Pods/Target Support Files/Pods/Pods.debug.xcconfig"; sourceTree = "<group>"; };
		69E7D027977211C438FEFF33 /* Pods.release.xcconfig */ = {isa = PBXFileReference; includeInIndex = 1; lastKnownFileType = text.xcconfig; name = Pods.release.xcconfig; path = "Pods/Target Support Files/Pods/Pods.release.xcconfig"; sourceTree = "<group>"; };
		C202DFD61CC0EAA5007083CD /* UIBarButtonItem+Extension.h */ = {isa = PBXFileReference; fileEncoding = 4; lastKnownFileType = sourcecode.c.h; path = "UIBarButtonItem+Extension.h"; sourceTree = "<group>"; };
		C202DFD71CC0EAA5007083CD /* UIBarButtonItem+Extension.m */ = {isa = PBXFileReference; fileEncoding = 4; lastKnownFileType = sourcecode.c.objc; path = "UIBarButtonItem+Extension.m"; sourceTree = "<group>"; };
		C202DFD81CC0EAA5007083CD /* UIView+Extension.h */ = {isa = PBXFileReference; fileEncoding = 4; lastKnownFileType = sourcecode.c.h; path = "UIView+Extension.h"; sourceTree = "<group>"; };
		C202DFD91CC0EAA5007083CD /* UIView+Extension.m */ = {isa = PBXFileReference; fileEncoding = 4; lastKnownFileType = sourcecode.c.objc; path = "UIView+Extension.m"; sourceTree = "<group>"; };
		C20325721CC21A8900CB7934 /* BaseModel.h */ = {isa = PBXFileReference; fileEncoding = 4; lastKnownFileType = sourcecode.c.h; path = BaseModel.h; sourceTree = "<group>"; };
		C20325731CC21A8900CB7934 /* BaseModel.m */ = {isa = PBXFileReference; fileEncoding = 4; lastKnownFileType = sourcecode.c.objc; path = BaseModel.m; sourceTree = "<group>"; };
		C203257D1CC221A000CB7934 /* NetRequestManager.h */ = {isa = PBXFileReference; fileEncoding = 4; lastKnownFileType = sourcecode.c.h; path = NetRequestManager.h; sourceTree = "<group>"; };
		C203257E1CC221A000CB7934 /* NetRequestManager.m */ = {isa = PBXFileReference; fileEncoding = 4; lastKnownFileType = sourcecode.c.objc; path = NetRequestManager.m; sourceTree = "<group>"; };
		C20325801CC227ED00CB7934 /* URLHeaderDifine.h */ = {isa = PBXFileReference; fileEncoding = 4; lastKnownFileType = sourcecode.c.h; path = URLHeaderDifine.h; sourceTree = "<group>"; };
		C20325811CC2281200CB7934 /* ConstantsDefine.h */ = {isa = PBXFileReference; fileEncoding = 4; lastKnownFileType = sourcecode.c.h; path = ConstantsDefine.h; sourceTree = "<group>"; };
		C20325831CC2393C00CB7934 /* ScrollModel.h */ = {isa = PBXFileReference; fileEncoding = 4; lastKnownFileType = sourcecode.c.h; path = ScrollModel.h; sourceTree = "<group>"; };
		C20325841CC2393C00CB7934 /* ScrollModel.m */ = {isa = PBXFileReference; fileEncoding = 4; lastKnownFileType = sourcecode.c.objc; path = ScrollModel.m; sourceTree = "<group>"; };
		C23004501CC52A5000C947D5 /* FootView.xib */ = {isa = PBXFileReference; fileEncoding = 4; lastKnownFileType = file.xib; path = FootView.xib; sourceTree = "<group>"; };
		C2376E601CC7151900BAEEA4 /* CycleScrollView.h */ = {isa = PBXFileReference; fileEncoding = 4; lastKnownFileType = sourcecode.c.h; path = CycleScrollView.h; sourceTree = "<group>"; };
		C2376E611CC7151900BAEEA4 /* CycleScrollView.m */ = {isa = PBXFileReference; fileEncoding = 4; lastKnownFileType = sourcecode.c.objc; path = CycleScrollView.m; sourceTree = "<group>"; };
		C2376E621CC7151900BAEEA4 /* NSString+Html.h */ = {isa = PBXFileReference; fileEncoding = 4; lastKnownFileType = sourcecode.c.h; path = "NSString+Html.h"; sourceTree = "<group>"; };
		C2376E631CC7151900BAEEA4 /* NSString+Html.m */ = {isa = PBXFileReference; fileEncoding = 4; lastKnownFileType = sourcecode.c.objc; path = "NSString+Html.m"; sourceTree = "<group>"; };
		C2376E641CC7151900BAEEA4 /* NSTimer+Addition.h */ = {isa = PBXFileReference; fileEncoding = 4; lastKnownFileType = sourcecode.c.h; path = "NSTimer+Addition.h"; sourceTree = "<group>"; };
		C2376E651CC7151900BAEEA4 /* NSTimer+Addition.m */ = {isa = PBXFileReference; fileEncoding = 4; lastKnownFileType = sourcecode.c.objc; path = "NSTimer+Addition.m"; sourceTree = "<group>"; };
		C2376E661CC7151900BAEEA4 /* style.css */ = {isa = PBXFileReference; fileEncoding = 4; lastKnownFileType = text.css; path = style.css; sourceTree = "<group>"; };
		C25662211CC5C81D00E6C156 /* ConsultingViewController.h */ = {isa = PBXFileReference; fileEncoding = 4; lastKnownFileType = sourcecode.c.h; path = ConsultingViewController.h; sourceTree = "<group>"; };
		C25662221CC5C81D00E6C156 /* ConsultingViewController.m */ = {isa = PBXFileReference; fileEncoding = 4; lastKnownFileType = sourcecode.c.objc; path = ConsultingViewController.m; sourceTree = "<group>"; };
		C25662271CC5C81D00E6C156 /* HomePageViewController.h */ = {isa = PBXFileReference; fileEncoding = 4; lastKnownFileType = sourcecode.c.h; path = HomePageViewController.h; sourceTree = "<group>"; };
		C25662281CC5C81D00E6C156 /* HomePageViewController.m */ = {isa = PBXFileReference; fileEncoding = 4; lastKnownFileType = sourcecode.c.objc; path = HomePageViewController.m; sourceTree = "<group>"; };
		C25662321CC5C81D00E6C156 /* FeedBackViewController.h */ = {isa = PBXFileReference; fileEncoding = 4; lastKnownFileType = sourcecode.c.h; path = FeedBackViewController.h; sourceTree = "<group>"; };
		C25662331CC5C81D00E6C156 /* FeedBackViewController.m */ = {isa = PBXFileReference; fileEncoding = 4; lastKnownFileType = sourcecode.c.objc; path = FeedBackViewController.m; sourceTree = "<group>"; };
		C25662341CC5C81D00E6C156 /* FeedBackViewController.xib */ = {isa = PBXFileReference; fileEncoding = 4; lastKnownFileType = file.xib; path = FeedBackViewController.xib; sourceTree = "<group>"; };
		C25662351CC5C81D00E6C156 /* PetLife.txt */ = {isa = PBXFileReference; fileEncoding = 4; lastKnownFileType = text; path = PetLife.txt; sourceTree = "<group>"; };
		C25662361CC5C81D00E6C156 /* StatementViewController.h */ = {isa = PBXFileReference; fileEncoding = 4; lastKnownFileType = sourcecode.c.h; path = StatementViewController.h; sourceTree = "<group>"; };
		C25662371CC5C81D00E6C156 /* StatementViewController.m */ = {isa = PBXFileReference; fileEncoding = 4; lastKnownFileType = sourcecode.c.objc; path = StatementViewController.m; sourceTree = "<group>"; };
		C25662381CC5C81D00E6C156 /* StatementViewController.xib */ = {isa = PBXFileReference; fileEncoding = 4; lastKnownFileType = file.xib; path = StatementViewController.xib; sourceTree = "<group>"; };
		C256623A1CC5C81D00E6C156 /* MySelfTableViewCell.h */ = {isa = PBXFileReference; fileEncoding = 4; lastKnownFileType = sourcecode.c.h; path = MySelfTableViewCell.h; sourceTree = "<group>"; };
		C256623B1CC5C81D00E6C156 /* MySelfTableViewCell.m */ = {isa = PBXFileReference; fileEncoding = 4; lastKnownFileType = sourcecode.c.objc; path = MySelfTableViewCell.m; sourceTree = "<group>"; };
		C256623C1CC5C81D00E6C156 /* MySelfViewController.h */ = {isa = PBXFileReference; fileEncoding = 4; lastKnownFileType = sourcecode.c.h; path = MySelfViewController.h; sourceTree = "<group>"; };
		C256623D1CC5C81D00E6C156 /* MySelfViewController.m */ = {isa = PBXFileReference; fileEncoding = 4; lastKnownFileType = sourcecode.c.objc; path = MySelfViewController.m; sourceTree = "<group>"; };
		C25662421CC5C81D00E6C156 /* SearchViewController.h */ = {isa = PBXFileReference; fileEncoding = 4; lastKnownFileType = sourcecode.c.h; path = SearchViewController.h; sourceTree = "<group>"; };
		C25662431CC5C81D00E6C156 /* SearchViewController.m */ = {isa = PBXFileReference; fileEncoding = 4; lastKnownFileType = sourcecode.c.objc; path = SearchViewController.m; sourceTree = "<group>"; };
		C25662511CC5C8E500E6C156 /* PetLife.txt */ = {isa = PBXFileReference; fileEncoding = 4; lastKnownFileType = text; path = PetLife.txt; sourceTree = "<group>"; };
		C259D3901CC091B40045CA99 /* MainPageViewController.h */ = {isa = PBXFileReference; fileEncoding = 4; lastKnownFileType = sourcecode.c.h; path = MainPageViewController.h; sourceTree = "<group>"; };
		C259D3911CC091B40045CA99 /* MainPageViewController.m */ = {isa = PBXFileReference; fileEncoding = 4; lastKnownFileType = sourcecode.c.objc; path = MainPageViewController.m; sourceTree = "<group>"; };
		C259D3A71CC096660045CA99 /* DownMenuTableViewController.h */ = {isa = PBXFileReference; fileEncoding = 4; lastKnownFileType = sourcecode.c.h; path = DownMenuTableViewController.h; sourceTree = "<group>"; };
		C259D3A81CC096660045CA99 /* DownMenuTableViewController.m */ = {isa = PBXFileReference; fileEncoding = 4; lastKnownFileType = sourcecode.c.objc; path = DownMenuTableViewController.m; sourceTree = "<group>"; };
		C259D3AA1CC0997D0045CA99 /* DownMenuView.h */ = {isa = PBXFileReference; fileEncoding = 4; lastKnownFileType = sourcecode.c.h; path = DownMenuView.h; sourceTree = "<group>"; };
		C259D3AB1CC0997D0045CA99 /* DownMenuView.m */ = {isa = PBXFileReference; fileEncoding = 4; lastKnownFileType = sourcecode.c.objc; path = DownMenuView.m; sourceTree = "<group>"; };
		C259D3BA1CC0CCF20045CA99 /* PCHHeader.pch */ = {isa = PBXFileReference; lastKnownFileType = sourcecode.c.h; name = PCHHeader.pch; path = ../PCHHeader.pch; sourceTree = "<group>"; };
		C276E7761CC4FD5B0028C40E /* MyTableCell.h */ = {isa = PBXFileReference; fileEncoding = 4; lastKnownFileType = sourcecode.c.h; path = MyTableCell.h; sourceTree = "<group>"; };
		C276E7771CC4FD5B0028C40E /* MyTableCell.m */ = {isa = PBXFileReference; fileEncoding = 4; lastKnownFileType = sourcecode.c.objc; path = MyTableCell.m; sourceTree = "<group>"; };
		C276E7781CC4FD5B0028C40E /* MyTableCell.xib */ = {isa = PBXFileReference; fileEncoding = 4; lastKnownFileType = file.xib; path = MyTableCell.xib; sourceTree = "<group>"; };
		C276E77B1CC502030028C40E /* MyImage.h */ = {isa = PBXFileReference; fileEncoding = 4; lastKnownFileType = sourcecode.c.h; path = MyImage.h; sourceTree = "<group>"; };
		C276E77C1CC502030028C40E /* MyImage.m */ = {isa = PBXFileReference; fileEncoding = 4; lastKnownFileType = sourcecode.c.objc; path = MyImage.m; sourceTree = "<group>"; };
		C276E77E1CC508350028C40E /* CellModel.h */ = {isa = PBXFileReference; fileEncoding = 4; lastKnownFileType = sourcecode.c.h; path = CellModel.h; sourceTree = "<group>"; };
		C276E77F1CC508350028C40E /* CellModel.m */ = {isa = PBXFileReference; fileEncoding = 4; lastKnownFileType = sourcecode.c.objc; path = CellModel.m; sourceTree = "<group>"; };
		C276E7811CC508430028C40E /* ItemModel.h */ = {isa = PBXFileReference; fileEncoding = 4; lastKnownFileType = sourcecode.c.h; path = ItemModel.h; sourceTree = "<group>"; };
		C276E7821CC508430028C40E /* ItemModel.m */ = {isa = PBXFileReference; fileEncoding = 4; lastKnownFileType = sourcecode.c.objc; path = ItemModel.m; sourceTree = "<group>"; };
		C276E7841CC50FEB0028C40E /* MyImage.xib */ = {isa = PBXFileReference; fileEncoding = 4; lastKnownFileType = file.xib; path = MyImage.xib; sourceTree = "<group>"; };
		C276E7861CC5264A0028C40E /* FootView.h */ = {isa = PBXFileReference; fileEncoding = 4; lastKnownFileType = sourcecode.c.h; path = FootView.h; sourceTree = "<group>"; };
		C276E7871CC5264A0028C40E /* FootView.m */ = {isa = PBXFileReference; fileEncoding = 4; lastKnownFileType = sourcecode.c.objc; path = FootView.m; sourceTree = "<group>"; };
		C2EE7C751CC5DAB700F8BC7B /* KnowlageViewController.h */ = {isa = PBXFileReference; fileEncoding = 4; lastKnownFileType = sourcecode.c.h; path = KnowlageViewController.h; sourceTree = "<group>"; };
		C2EE7C761CC5DAB700F8BC7B /* KnowlageViewController.m */ = {isa = PBXFileReference; fileEncoding = 4; lastKnownFileType = sourcecode.c.objc; path = KnowlageViewController.m; sourceTree = "<group>"; };
		C2EE7C781CC5DAC200F8BC7B /* TitleNavigation.h */ = {isa = PBXFileReference; fileEncoding = 4; lastKnownFileType = sourcecode.c.h; path = TitleNavigation.h; sourceTree = "<group>"; };
		C2EE7C791CC5DAC200F8BC7B /* TitleNavigation.m */ = {isa = PBXFileReference; fileEncoding = 4; lastKnownFileType = sourcecode.c.objc; path = TitleNavigation.m; sourceTree = "<group>"; };
		C2EE7C7A1CC5DAC200F8BC7B /* TitleNavigation.xib */ = {isa = PBXFileReference; fileEncoding = 4; lastKnownFileType = file.xib; path = TitleNavigation.xib; sourceTree = "<group>"; };
		C2EE7C7D1CC5DD8800F8BC7B /* KnowlageModel.h */ = {isa = PBXFileReference; fileEncoding = 4; lastKnownFileType = sourcecode.c.h; name = KnowlageModel.h; path = PetLife/Knowlage/View/KnowlageModel.h; sourceTree = SOURCE_ROOT; };
		C2EE7C7E1CC5DD8800F8BC7B /* KnowlageModel.m */ = {isa = PBXFileReference; fileEncoding = 4; lastKnownFileType = sourcecode.c.objc; name = KnowlageModel.m; path = PetLife/Knowlage/View/KnowlageModel.m; sourceTree = SOURCE_ROOT; };
		C2EE7C801CC61F4800F8BC7B /* KnowlageTableViewCell.h */ = {isa = PBXFileReference; fileEncoding = 4; lastKnownFileType = sourcecode.c.h; path = KnowlageTableViewCell.h; sourceTree = "<group>"; };
		C2EE7C811CC61F4800F8BC7B /* KnowlageTableViewCell.m */ = {isa = PBXFileReference; fileEncoding = 4; lastKnownFileType = sourcecode.c.objc; path = KnowlageTableViewCell.m; sourceTree = "<group>"; };
		C2EE7C821CC61F4800F8BC7B /* KnowlageTableViewCell.xib */ = {isa = PBXFileReference; fileEncoding = 4; lastKnownFileType = file.xib; path = KnowlageTableViewCell.xib; sourceTree = "<group>"; };
		C2EE7C851CC664F000F8BC7B /* KnowlageHeader.h */ = {isa = PBXFileReference; fileEncoding = 4; lastKnownFileType = sourcecode.c.h; path = KnowlageHeader.h; sourceTree = "<group>"; };
		C2EE7C861CC664F000F8BC7B /* KnowlageHeader.m */ = {isa = PBXFileReference; fileEncoding = 4; lastKnownFileType = sourcecode.c.objc; path = KnowlageHeader.m; sourceTree = "<group>"; };
		C2EE7C881CC6650A00F8BC7B /* KnowlageHeader.xib */ = {isa = PBXFileReference; fileEncoding = 4; lastKnownFileType = file.xib; path = KnowlageHeader.xib; sourceTree = "<group>"; };
		C2EE7C8A1CC66B3C00F8BC7B /* KnowlageInfoViewController.h */ = {isa = PBXFileReference; fileEncoding = 4; lastKnownFileType = sourcecode.c.h; path = KnowlageInfoViewController.h; sourceTree = "<group>"; };
		C2EE7C8B1CC66B3C00F8BC7B /* KnowlageInfoViewController.m */ = {isa = PBXFileReference; fileEncoding = 4; lastKnownFileType = sourcecode.c.objc; path = KnowlageInfoViewController.m; sourceTree = "<group>"; };
		C2EE7C8C1CC66B3C00F8BC7B /* KnowlageInfoViewController.xib */ = {isa = PBXFileReference; fileEncoding = 4; lastKnownFileType = file.xib; path = KnowlageInfoViewController.xib; sourceTree = "<group>"; };
		C2FE049F1CBFDD740064377C /* PetLife.app */ = {isa = PBXFileReference; explicitFileType = wrapper.application; includeInIndex = 0; path = PetLife.app; sourceTree = BUILT_PRODUCTS_DIR; };
		C2FE04A31CBFDD740064377C /* main.m */ = {isa = PBXFileReference; lastKnownFileType = sourcecode.c.objc; path = main.m; sourceTree = "<group>"; };
		C2FE04A51CBFDD740064377C /* AppDelegate.h */ = {isa = PBXFileReference; lastKnownFileType = sourcecode.c.h; path = AppDelegate.h; sourceTree = "<group>"; };
		C2FE04A61CBFDD740064377C /* AppDelegate.m */ = {isa = PBXFileReference; lastKnownFileType = sourcecode.c.objc; path = AppDelegate.m; sourceTree = "<group>"; };
		C2FE04A81CBFDD740064377C /* ViewController.h */ = {isa = PBXFileReference; lastKnownFileType = sourcecode.c.h; path = ViewController.h; sourceTree = "<group>"; };
		C2FE04A91CBFDD740064377C /* ViewController.m */ = {isa = PBXFileReference; lastKnownFileType = sourcecode.c.objc; path = ViewController.m; sourceTree = "<group>"; };
		C2FE04AC1CBFDD740064377C /* Base */ = {isa = PBXFileReference; lastKnownFileType = file.storyboard; name = Base; path = Base.lproj/Main.storyboard; sourceTree = "<group>"; };
		C2FE04AE1CBFDD740064377C /* Assets.xcassets */ = {isa = PBXFileReference; lastKnownFileType = folder.assetcatalog; path = Assets.xcassets; sourceTree = "<group>"; };
		C2FE04B11CBFDD740064377C /* Base */ = {isa = PBXFileReference; lastKnownFileType = file.storyboard; name = Base; path = Base.lproj/LaunchScreen.storyboard; sourceTree = "<group>"; };
		C2FE04B31CBFDD740064377C /* Info.plist */ = {isa = PBXFileReference; lastKnownFileType = text.plist.xml; path = Info.plist; sourceTree = "<group>"; };
		EBE1D9FB3E700A4BACC6306B /* libPods.a */ = {isa = PBXFileReference; explicitFileType = archive.ar; includeInIndex = 0; path = libPods.a; sourceTree = BUILT_PRODUCTS_DIR; };
/* End PBXFileReference section */

/* Begin PBXFrameworksBuildPhase section */
		C2FE049C1CBFDD740064377C /* Frameworks */ = {
			isa = PBXFrameworksBuildPhase;
			buildActionMask = 2147483647;
			files = (
				9B3F7F8DF8A8D17ECCEB3500 /* libPods.a in Frameworks */,
			);
			runOnlyForDeploymentPostprocessing = 0;
		};
/* End PBXFrameworksBuildPhase section */

/* Begin PBXGroup section */
		179AEA317A0E11D66C69F753 /* Frameworks */ = {
			isa = PBXGroup;
			children = (
				EBE1D9FB3E700A4BACC6306B /* libPods.a */,
			);
			name = Frameworks;
			sourceTree = "<group>";
		};
		AD3CFC20E7684E36C72A639F /* Pods */ = {
			isa = PBXGroup;
			children = (
				2F2C11286B64CD5A14AA260F /* Pods.debug.xcconfig */,
				69E7D027977211C438FEFF33 /* Pods.release.xcconfig */,
			);
			name = Pods;
			sourceTree = "<group>";
		};
		C202DFD51CC0EAA5007083CD /* Category */ = {
			isa = PBXGroup;
			children = (
				C202DFD61CC0EAA5007083CD /* UIBarButtonItem+Extension.h */,
				C202DFD71CC0EAA5007083CD /* UIBarButtonItem+Extension.m */,
				C202DFD81CC0EAA5007083CD /* UIView+Extension.h */,
				C202DFD91CC0EAA5007083CD /* UIView+Extension.m */,
			);
			path = Category;
			sourceTree = "<group>";
		};
		C20325711CC21A7800CB7934 /* Base */ = {
			isa = PBXGroup;
			children = (
				C20325721CC21A8900CB7934 /* BaseModel.h */,
				C20325731CC21A8900CB7934 /* BaseModel.m */,
			);
			name = Base;
			path = PetLife/Base;
			sourceTree = "<group>";
		};
		C203257C1CC2217800CB7934 /* Tool */ = {
			isa = PBXGroup;
			children = (
				C2376E5F1CC7151900BAEEA4 /* HTML */,
				C203257D1CC221A000CB7934 /* NetRequestManager.h */,
				C203257E1CC221A000CB7934 /* NetRequestManager.m */,
				C20325801CC227ED00CB7934 /* URLHeaderDifine.h */,
				C20325811CC2281200CB7934 /* ConstantsDefine.h */,
				C259D3BA1CC0CCF20045CA99 /* PCHHeader.pch */,
			);
			name = Tool;
			path = PetLife/Tool;
			sourceTree = "<group>";
		};
		C2376E5F1CC7151900BAEEA4 /* HTML */ = {
			isa = PBXGroup;
			children = (
				C2376E601CC7151900BAEEA4 /* CycleScrollView.h */,
				C2376E611CC7151900BAEEA4 /* CycleScrollView.m */,
				C2376E621CC7151900BAEEA4 /* NSString+Html.h */,
				C2376E631CC7151900BAEEA4 /* NSString+Html.m */,
				C2376E641CC7151900BAEEA4 /* NSTimer+Addition.h */,
				C2376E651CC7151900BAEEA4 /* NSTimer+Addition.m */,
				C2376E661CC7151900BAEEA4 /* style.css */,
			);
			path = HTML;
			sourceTree = "<group>";
		};
		C256621D1CC5C81D00E6C156 /* Consulting */ = {
			isa = PBXGroup;
			children = (
				C256621E1CC5C81D00E6C156 /* Model */,
				C256621F1CC5C81D00E6C156 /* View */,
				C25662201CC5C81D00E6C156 /* ViewController */,
			);
			path = Consulting;
			sourceTree = "<group>";
		};
		C256621E1CC5C81D00E6C156 /* Model */ = {
			isa = PBXGroup;
			children = (
			);
			path = Model;
			sourceTree = "<group>";
		};
		C256621F1CC5C81D00E6C156 /* View */ = {
			isa = PBXGroup;
			children = (
			);
			path = View;
			sourceTree = "<group>";
		};
		C25662201CC5C81D00E6C156 /* ViewController */ = {
			isa = PBXGroup;
			children = (
				C25662211CC5C81D00E6C156 /* ConsultingViewController.h */,
				C25662221CC5C81D00E6C156 /* ConsultingViewController.m */,
			);
			path = ViewController;
			sourceTree = "<group>";
		};
		C25662231CC5C81D00E6C156 /* HomePage */ = {
			isa = PBXGroup;
			children = (
				C25662241CC5C81D00E6C156 /* Model */,
				C25662251CC5C81D00E6C156 /* View */,
				C25662261CC5C81D00E6C156 /* ViewController */,
			);
			path = HomePage;
			sourceTree = "<group>";
		};
		C25662241CC5C81D00E6C156 /* Model */ = {
			isa = PBXGroup;
			children = (
			);
			path = Model;
			sourceTree = "<group>";
		};
		C25662251CC5C81D00E6C156 /* View */ = {
			isa = PBXGroup;
			children = (
			);
			path = View;
			sourceTree = "<group>";
		};
		C25662261CC5C81D00E6C156 /* ViewController */ = {
			isa = PBXGroup;
			children = (
				C25662271CC5C81D00E6C156 /* HomePageViewController.h */,
				C25662281CC5C81D00E6C156 /* HomePageViewController.m */,
			);
			path = ViewController;
			sourceTree = "<group>";
		};
		C25662291CC5C81D00E6C156 /* Knowlage */ = {
			isa = PBXGroup;
			children = (
				C256622A1CC5C81D00E6C156 /* Model */,
				C256622D1CC5C81D00E6C156 /* View */,
				C256622E1CC5C81D00E6C156 /* ViewController */,
			);
			path = Knowlage;
			sourceTree = "<group>";
		};
		C256622A1CC5C81D00E6C156 /* Model */ = {
			isa = PBXGroup;
			children = (
				C2EE7C7D1CC5DD8800F8BC7B /* KnowlageModel.h */,
				C2EE7C7E1CC5DD8800F8BC7B /* KnowlageModel.m */,
			);
			path = Model;
			sourceTree = "<group>";
		};
		C256622D1CC5C81D00E6C156 /* View */ = {
			isa = PBXGroup;
			children = (
				C2EE7C781CC5DAC200F8BC7B /* TitleNavigation.h */,
				C2EE7C791CC5DAC200F8BC7B /* TitleNavigation.m */,
				C2EE7C7A1CC5DAC200F8BC7B /* TitleNavigation.xib */,
				C2EE7C801CC61F4800F8BC7B /* KnowlageTableViewCell.h */,
				C2EE7C811CC61F4800F8BC7B /* KnowlageTableViewCell.m */,
				C2EE7C821CC61F4800F8BC7B /* KnowlageTableViewCell.xib */,
				C2EE7C851CC664F000F8BC7B /* KnowlageHeader.h */,
				C2EE7C861CC664F000F8BC7B /* KnowlageHeader.m */,
				C2EE7C881CC6650A00F8BC7B /* KnowlageHeader.xib */,
			);
			path = View;
			sourceTree = "<group>";
		};
		C256622E1CC5C81D00E6C156 /* ViewController */ = {
			isa = PBXGroup;
			children = (
				C2EE7C751CC5DAB700F8BC7B /* KnowlageViewController.h */,
				C2EE7C761CC5DAB700F8BC7B /* KnowlageViewController.m */,
				C2EE7C8A1CC66B3C00F8BC7B /* KnowlageInfoViewController.h */,
				C2EE7C8B1CC66B3C00F8BC7B /* KnowlageInfoViewController.m */,
				C2EE7C8C1CC66B3C00F8BC7B /* KnowlageInfoViewController.xib */,
			);
			path = ViewController;
			sourceTree = "<group>";
		};
		C256622F1CC5C81D00E6C156 /* MySlfe */ = {
			isa = PBXGroup;
			children = (
				C25662301CC5C81D00E6C156 /* Model */,
				C25662311CC5C81D00E6C156 /* View */,
				C25662391CC5C81D00E6C156 /* ViewCotroller */,
			);
			path = MySlfe;
			sourceTree = "<group>";
		};
		C25662301CC5C81D00E6C156 /* Model */ = {
			isa = PBXGroup;
			children = (
			);
			path = Model;
			sourceTree = "<group>";
		};
		C25662311CC5C81D00E6C156 /* View */ = {
			isa = PBXGroup;
			children = (
				C25662321CC5C81D00E6C156 /* FeedBackViewController.h */,
				C25662331CC5C81D00E6C156 /* FeedBackViewController.m */,
				C25662341CC5C81D00E6C156 /* FeedBackViewController.xib */,
				C25662351CC5C81D00E6C156 /* PetLife.txt */,
				C25662361CC5C81D00E6C156 /* StatementViewController.h */,
				C25662371CC5C81D00E6C156 /* StatementViewController.m */,
				C25662381CC5C81D00E6C156 /* StatementViewController.xib */,
			);
			path = View;
			sourceTree = "<group>";
		};
		C25662391CC5C81D00E6C156 /* ViewCotroller */ = {
			isa = PBXGroup;
			children = (
				C256623A1CC5C81D00E6C156 /* MySelfTableViewCell.h */,
				C256623B1CC5C81D00E6C156 /* MySelfTableViewCell.m */,
				C256623C1CC5C81D00E6C156 /* MySelfViewController.h */,
				C256623D1CC5C81D00E6C156 /* MySelfViewController.m */,
			);
			path = ViewCotroller;
			sourceTree = "<group>";
		};
		C256623E1CC5C81D00E6C156 /* Search */ = {
			isa = PBXGroup;
			children = (
				C256623F1CC5C81D00E6C156 /* Model */,
				C25662401CC5C81D00E6C156 /* View */,
				C25662411CC5C81D00E6C156 /* ViewController */,
			);
			path = Search;
			sourceTree = "<group>";
		};
		C256623F1CC5C81D00E6C156 /* Model */ = {
			isa = PBXGroup;
			children = (
			);
			path = Model;
			sourceTree = "<group>";
		};
		C25662401CC5C81D00E6C156 /* View */ = {
			isa = PBXGroup;
			children = (
			);
			path = View;
			sourceTree = "<group>";
		};
		C25662411CC5C81D00E6C156 /* ViewController */ = {
			isa = PBXGroup;
			children = (
				C25662421CC5C81D00E6C156 /* SearchViewController.h */,
				C25662431CC5C81D00E6C156 /* SearchViewController.m */,
			);
			path = ViewController;
			sourceTree = "<group>";
		};
		C259D38B1CC091B40045CA99 /* MainPage */ = {
			isa = PBXGroup;
			children = (
				C259D38C1CC091B40045CA99 /* DownMenu下拉菜单 */,
				C259D38D1CC091B40045CA99 /* Model */,
				C259D38E1CC091B40045CA99 /* View */,
				C259D38F1CC091B40045CA99 /* ViewController */,
			);
			path = MainPage;
			sourceTree = "<group>";
		};
		C259D38C1CC091B40045CA99 /* DownMenu下拉菜单 */ = {
			isa = PBXGroup;
			children = (
				C202DFD51CC0EAA5007083CD /* Category */,
				C259D3A71CC096660045CA99 /* DownMenuTableViewController.h */,
				C259D3A81CC096660045CA99 /* DownMenuTableViewController.m */,
				C259D3AA1CC0997D0045CA99 /* DownMenuView.h */,
				C259D3AB1CC0997D0045CA99 /* DownMenuView.m */,
			);
			path = "DownMenu下拉菜单";
			sourceTree = "<group>";
		};
		C259D38D1CC091B40045CA99 /* Model */ = {
			isa = PBXGroup;
			children = (
				C20325831CC2393C00CB7934 /* ScrollModel.h */,
				C20325841CC2393C00CB7934 /* ScrollModel.m */,
				C276E77E1CC508350028C40E /* CellModel.h */,
				C276E77F1CC508350028C40E /* CellModel.m */,
				C276E7811CC508430028C40E /* ItemModel.h */,
				C276E7821CC508430028C40E /* ItemModel.m */,
			);
			path = Model;
			sourceTree = "<group>";
		};
		C259D38E1CC091B40045CA99 /* View */ = {
			isa = PBXGroup;
			children = (
				C276E7761CC4FD5B0028C40E /* MyTableCell.h */,
				C276E7771CC4FD5B0028C40E /* MyTableCell.m */,
				C276E7781CC4FD5B0028C40E /* MyTableCell.xib */,
				C276E77B1CC502030028C40E /* MyImage.h */,
				C276E77C1CC502030028C40E /* MyImage.m */,
				C276E7841CC50FEB0028C40E /* MyImage.xib */,
				C276E7861CC5264A0028C40E /* FootView.h */,
				C276E7871CC5264A0028C40E /* FootView.m */,
				C23004501CC52A5000C947D5 /* FootView.xib */,
			);
			path = View;
			sourceTree = "<group>";
		};
		C259D38F1CC091B40045CA99 /* ViewController */ = {
			isa = PBXGroup;
			children = (
				C259D3901CC091B40045CA99 /* MainPageViewController.h */,
				C259D3911CC091B40045CA99 /* MainPageViewController.m */,
			);
			path = ViewController;
			sourceTree = "<group>";
		};
		C259D3AF1CC0C9F30045CA99 /* Frameworks */ = {
			isa = PBXGroup;
			children = (
			);
			path = Frameworks;
			sourceTree = "<group>";
		};
		C2FE04961CBFDD740064377C = {
			isa = PBXGroup;
			children = (
				C203257C1CC2217800CB7934 /* Tool */,
				C20325711CC21A7800CB7934 /* Base */,
				C2FE04A11CBFDD740064377C /* PetLife */,
				C2FE04A01CBFDD740064377C /* Products */,
				AD3CFC20E7684E36C72A639F /* Pods */,
				179AEA317A0E11D66C69F753 /* Frameworks */,
			);
			sourceTree = "<group>";
		};
		C2FE04A01CBFDD740064377C /* Products */ = {
			isa = PBXGroup;
			children = (
				C2FE049F1CBFDD740064377C /* PetLife.app */,
			);
			name = Products;
			sourceTree = "<group>";
		};
		C2FE04A11CBFDD740064377C /* PetLife */ = {
			isa = PBXGroup;
			children = (
				C259D38B1CC091B40045CA99 /* MainPage */,
				C256621D1CC5C81D00E6C156 /* Consulting */,
				C25662231CC5C81D00E6C156 /* HomePage */,
				C25662291CC5C81D00E6C156 /* Knowlage */,
				C256622F1CC5C81D00E6C156 /* MySlfe */,
				C256623E1CC5C81D00E6C156 /* Search */,
				C2FE04A51CBFDD740064377C /* AppDelegate.h */,
				C2FE04A61CBFDD740064377C /* AppDelegate.m */,
				C2FE04A81CBFDD740064377C /* ViewController.h */,
				C2FE04A91CBFDD740064377C /* ViewController.m */,
				C2FE04AB1CBFDD740064377C /* Main.storyboard */,
				C2FE04AE1CBFDD740064377C /* Assets.xcassets */,
				C2FE04B01CBFDD740064377C /* LaunchScreen.storyboard */,
				C25662511CC5C8E500E6C156 /* PetLife.txt */,
				C2FE04B31CBFDD740064377C /* Info.plist */,
				C259D3AF1CC0C9F30045CA99 /* Frameworks */,
				C2FE04A21CBFDD740064377C /* Supporting Files */,
			);
			path = PetLife;
			sourceTree = "<group>";
		};
		C2FE04A21CBFDD740064377C /* Supporting Files */ = {
			isa = PBXGroup;
			children = (
				C2FE04A31CBFDD740064377C /* main.m */,
			);
			name = "Supporting Files";
			sourceTree = "<group>";
		};
/* End PBXGroup section */

/* Begin PBXNativeTarget section */
		C2FE049E1CBFDD740064377C /* PetLife */ = {
			isa = PBXNativeTarget;
			buildConfigurationList = C2FE04B61CBFDD740064377C /* Build configuration list for PBXNativeTarget "PetLife" */;
			buildPhases = (
				C2FE049B1CBFDD740064377C /* Sources */,
				C2FE049C1CBFDD740064377C /* Frameworks */,
				C2FE049D1CBFDD740064377C /* Resources */,
				43E2C0FDCEDDE106DB479244 /* Embed Pods Frameworks */,
			);
			buildRules = (
			);
			dependencies = (
			);
			name = PetLife;
			productName = PetLife;
			productReference = C2FE049F1CBFDD740064377C /* PetLife.app */;
			productType = "com.apple.product-type.application";
		};
/* End PBXNativeTarget section */

/* Begin PBXProject section */
		C2FE04971CBFDD740064377C /* Project object */ = {
			isa = PBXProject;
			attributes = {
				LastUpgradeCheck = 0730;
				ORGANIZATIONNAME = lanou3g;
				TargetAttributes = {
					C2FE049E1CBFDD740064377C = {
						CreatedOnToolsVersion = 7.3;
						DevelopmentTeam = 9U8P46C2EW;
					};
				};
			};
			buildConfigurationList = C2FE049A1CBFDD740064377C /* Build configuration list for PBXProject "PetLife" */;
			compatibilityVersion = "Xcode 3.2";
			developmentRegion = English;
			hasScannedForEncodings = 0;
			knownRegions = (
				en,
				Base,
			);
			mainGroup = C2FE04961CBFDD740064377C;
			productRefGroup = C2FE04A01CBFDD740064377C /* Products */;
			projectDirPath = "";
			projectRoot = "";
			targets = (
				C2FE049E1CBFDD740064377C /* PetLife */,
			);
		};
/* End PBXProject section */

/* Begin PBXResourcesBuildPhase section */
		C2FE049D1CBFDD740064377C /* Resources */ = {
			isa = PBXResourcesBuildPhase;
			buildActionMask = 2147483647;
			files = (
				C25662521CC5C8E500E6C156 /* PetLife.txt in Resources */,
				C23004511CC52A5000C947D5 /* FootView.xib in Resources */,
				C2FE04B21CBFDD740064377C /* LaunchScreen.storyboard in Resources */,
				C25662491CC5C81D00E6C156 /* PetLife.txt in Resources */,
				C2EE7C8E1CC66B3C00F8BC7B /* KnowlageInfoViewController.xib in Resources */,
				C25662481CC5C81D00E6C156 /* FeedBackViewController.xib in Resources */,
				C2EE7C841CC61F4800F8BC7B /* KnowlageTableViewCell.xib in Resources */,
				C2376E6A1CC7151900BAEEA4 /* style.css in Resources */,
				C256624B1CC5C81D00E6C156 /* StatementViewController.xib in Resources */,
				C276E77A1CC4FD5B0028C40E /* MyTableCell.xib in Resources */,
				C2FE04AF1CBFDD740064377C /* Assets.xcassets in Resources */,
				C2EE7C891CC6650A00F8BC7B /* KnowlageHeader.xib in Resources */,
				C2FE04AD1CBFDD740064377C /* Main.storyboard in Resources */,
				C276E7851CC50FEB0028C40E /* MyImage.xib in Resources */,
				C2EE7C7C1CC5DAC200F8BC7B /* TitleNavigation.xib in Resources */,
			);
			runOnlyForDeploymentPostprocessing = 0;
		};
/* End PBXResourcesBuildPhase section */

/* Begin PBXShellScriptBuildPhase section */
		43E2C0FDCEDDE106DB479244 /* Embed Pods Frameworks */ = {
			isa = PBXShellScriptBuildPhase;
			buildActionMask = 2147483647;
			files = (
			);
			inputPaths = (
			);
			name = "Embed Pods Frameworks";
			outputPaths = (
			);
			runOnlyForDeploymentPostprocessing = 0;
			shellPath = /bin/sh;
			shellScript = "\"${SRCROOT}/Pods/Target Support Files/Pods/Pods-frameworks.sh\"\n";
			showEnvVarsInLog = 0;
		};
/* End PBXShellScriptBuildPhase section */

/* Begin PBXSourcesBuildPhase section */
		C2FE049B1CBFDD740064377C /* Sources */ = {
			isa = PBXSourcesBuildPhase;
			buildActionMask = 2147483647;
			files = (
				C2376E671CC7151900BAEEA4 /* CycleScrollView.m in Sources */,
				C2EE7C871CC664F000F8BC7B /* KnowlageHeader.m in Sources */,
				C203257F1CC221A000CB7934 /* NetRequestManager.m in Sources */,
				C259D3AC1CC0997D0045CA99 /* DownMenuView.m in Sources */,
				C25662451CC5C81D00E6C156 /* HomePageViewController.m in Sources */,
				C2FE04AA1CBFDD740064377C /* ViewController.m in Sources */,
				C2376E691CC7151900BAEEA4 /* NSTimer+Addition.m in Sources */,
				C25662441CC5C81D00E6C156 /* ConsultingViewController.m in Sources */,
				C276E7791CC4FD5B0028C40E /* MyTableCell.m in Sources */,
				C256624C1CC5C81D00E6C156 /* MySelfTableViewCell.m in Sources */,
				C2EE7C7F1CC5DD8800F8BC7B /* KnowlageModel.m in Sources */,
				C259D3A01CC091B40045CA99 /* MainPageViewController.m in Sources */,
				C2FE04A71CBFDD740064377C /* AppDelegate.m in Sources */,
				C202DFDB1CC0EAA5007083CD /* UIView+Extension.m in Sources */,
				C20325851CC2393C00CB7934 /* ScrollModel.m in Sources */,
				C25662471CC5C81D00E6C156 /* FeedBackViewController.m in Sources */,
				C256624A1CC5C81D00E6C156 /* StatementViewController.m in Sources */,
				C276E7801CC508350028C40E /* CellModel.m in Sources */,
				C20325741CC21A8900CB7934 /* BaseModel.m in Sources */,
				C202DFDA1CC0EAA5007083CD /* UIBarButtonItem+Extension.m in Sources */,
				C2EE7C7B1CC5DAC200F8BC7B /* TitleNavigation.m in Sources */,
				C276E7831CC508430028C40E /* ItemModel.m in Sources */,
				C259D3A91CC096660045CA99 /* DownMenuTableViewController.m in Sources */,
				C2EE7C771CC5DAB700F8BC7B /* KnowlageViewController.m in Sources */,
				C2FE04A41CBFDD740064377C /* main.m in Sources */,
				C2EE7C831CC61F4800F8BC7B /* KnowlageTableViewCell.m in Sources */,
				C276E77D1CC502030028C40E /* MyImage.m in Sources */,
				C2EE7C8D1CC66B3C00F8BC7B /* KnowlageInfoViewController.m in Sources */,
				C256624D1CC5C81D00E6C156 /* MySelfViewController.m in Sources */,
				C2376E681CC7151900BAEEA4 /* NSString+Html.m in Sources */,
				C256624E1CC5C81D00E6C156 /* SearchViewController.m in Sources */,
				C276E7881CC5264A0028C40E /* FootView.m in Sources */,
			);
			runOnlyForDeploymentPostprocessing = 0;
		};
/* End PBXSourcesBuildPhase section */

/* Begin PBXVariantGroup section */
		C2FE04AB1CBFDD740064377C /* Main.storyboard */ = {
			isa = PBXVariantGroup;
			children = (
				C2FE04AC1CBFDD740064377C /* Base */,
			);
			name = Main.storyboard;
			sourceTree = "<group>";
		};
		C2FE04B01CBFDD740064377C /* LaunchScreen.storyboard */ = {
			isa = PBXVariantGroup;
			children = (
				C2FE04B11CBFDD740064377C /* Base */,
			);
			name = LaunchScreen.storyboard;
			sourceTree = "<group>";
		};
/* End PBXVariantGroup section */

/* Begin XCBuildConfiguration section */
		C2FE04B41CBFDD740064377C /* Debug */ = {
			isa = XCBuildConfiguration;
			buildSettings = {
				ALWAYS_SEARCH_USER_PATHS = NO;
				CLANG_ANALYZER_NONNULL = YES;
				CLANG_CXX_LANGUAGE_STANDARD = "gnu++0x";
				CLANG_CXX_LIBRARY = "libc++";
				CLANG_ENABLE_MODULES = YES;
				CLANG_ENABLE_OBJC_ARC = YES;
				CLANG_WARN_BOOL_CONVERSION = YES;
				CLANG_WARN_CONSTANT_CONVERSION = YES;
				CLANG_WARN_DIRECT_OBJC_ISA_USAGE = YES_ERROR;
				CLANG_WARN_EMPTY_BODY = YES;
				CLANG_WARN_ENUM_CONVERSION = YES;
				CLANG_WARN_INT_CONVERSION = YES;
				CLANG_WARN_OBJC_ROOT_CLASS = YES_ERROR;
				CLANG_WARN_UNREACHABLE_CODE = YES;
				CLANG_WARN__DUPLICATE_METHOD_MATCH = YES;
				"CODE_SIGN_IDENTITY[sdk=iphoneos*]" = "iPhone Developer";
				COPY_PHASE_STRIP = NO;
				DEBUG_INFORMATION_FORMAT = dwarf;
				ENABLE_STRICT_OBJC_MSGSEND = YES;
				ENABLE_TESTABILITY = YES;
				GCC_C_LANGUAGE_STANDARD = gnu99;
				GCC_DYNAMIC_NO_PIC = NO;
				GCC_NO_COMMON_BLOCKS = YES;
				GCC_OPTIMIZATION_LEVEL = 0;
				GCC_PREPROCESSOR_DEFINITIONS = (
					"DEBUG=1",
					"$(inherited)",
				);
				GCC_WARN_64_TO_32_BIT_CONVERSION = YES;
				GCC_WARN_ABOUT_RETURN_TYPE = YES_ERROR;
				GCC_WARN_UNDECLARED_SELECTOR = YES;
				GCC_WARN_UNINITIALIZED_AUTOS = YES_AGGRESSIVE;
				GCC_WARN_UNUSED_FUNCTION = YES;
				GCC_WARN_UNUSED_VARIABLE = YES;
				IPHONEOS_DEPLOYMENT_TARGET = 9.3;
				MTL_ENABLE_DEBUG_INFO = YES;
				ONLY_ACTIVE_ARCH = YES;
				SDKROOT = iphoneos;
			};
			name = Debug;
		};
		C2FE04B51CBFDD740064377C /* Release */ = {
			isa = XCBuildConfiguration;
			buildSettings = {
				ALWAYS_SEARCH_USER_PATHS = NO;
				CLANG_ANALYZER_NONNULL = YES;
				CLANG_CXX_LANGUAGE_STANDARD = "gnu++0x";
				CLANG_CXX_LIBRARY = "libc++";
				CLANG_ENABLE_MODULES = YES;
				CLANG_ENABLE_OBJC_ARC = YES;
				CLANG_WARN_BOOL_CONVERSION = YES;
				CLANG_WARN_CONSTANT_CONVERSION = YES;
				CLANG_WARN_DIRECT_OBJC_ISA_USAGE = YES_ERROR;
				CLANG_WARN_EMPTY_BODY = YES;
				CLANG_WARN_ENUM_CONVERSION = YES;
				CLANG_WARN_INT_CONVERSION = YES;
				CLANG_WARN_OBJC_ROOT_CLASS = YES_ERROR;
				CLANG_WARN_UNREACHABLE_CODE = YES;
				CLANG_WARN__DUPLICATE_METHOD_MATCH = YES;
				"CODE_SIGN_IDENTITY[sdk=iphoneos*]" = "iPhone Developer";
				COPY_PHASE_STRIP = NO;
				DEBUG_INFORMATION_FORMAT = "dwarf-with-dsym";
				ENABLE_NS_ASSERTIONS = NO;
				ENABLE_STRICT_OBJC_MSGSEND = YES;
				GCC_C_LANGUAGE_STANDARD = gnu99;
				GCC_NO_COMMON_BLOCKS = YES;
				GCC_WARN_64_TO_32_BIT_CONVERSION = YES;
				GCC_WARN_ABOUT_RETURN_TYPE = YES_ERROR;
				GCC_WARN_UNDECLARED_SELECTOR = YES;
				GCC_WARN_UNINITIALIZED_AUTOS = YES_AGGRESSIVE;
				GCC_WARN_UNUSED_FUNCTION = YES;
				GCC_WARN_UNUSED_VARIABLE = YES;
				IPHONEOS_DEPLOYMENT_TARGET = 9.3;
				MTL_ENABLE_DEBUG_INFO = NO;
				SDKROOT = iphoneos;
				VALIDATE_PRODUCT = YES;
			};
			name = Release;
		};
		C2FE04B71CBFDD740064377C /* Debug */ = {
			isa = XCBuildConfiguration;
			baseConfigurationReference = 2F2C11286B64CD5A14AA260F /* Pods.debug.xcconfig */;
			buildSettings = {
				ASSETCATALOG_COMPILER_APPICON_NAME = AppIcon;
				CODE_SIGN_IDENTITY = "iPhone Developer";
				FRAMEWORK_SEARCH_PATHS = (
					"$(inherited)",
					"$(PROJECT_DIR)",
					"$(PROJECT_DIR)/PetLife/Frameworks",
				);
				GCC_PREFIX_HEADER = "$(SRCROOT)/PetLife/PCHHeader.pch";
				INFOPLIST_FILE = PetLife/Info.plist;
				IPHONEOS_DEPLOYMENT_TARGET = 9.0;
				LD_RUNPATH_SEARCH_PATHS = "$(inherited) @executable_path/Frameworks";
				PRODUCT_BUNDLE_IDENTIFIER = com.lanou3g.PetLife;
				PRODUCT_NAME = "$(TARGET_NAME)";
			};
			name = Debug;
		};
		C2FE04B81CBFDD740064377C /* Release */ = {
			isa = XCBuildConfiguration;
			baseConfigurationReference = 69E7D027977211C438FEFF33 /* Pods.release.xcconfig */;
			buildSettings = {
				ASSETCATALOG_COMPILER_APPICON_NAME = AppIcon;
				CODE_SIGN_IDENTITY = "iPhone Developer";
				FRAMEWORK_SEARCH_PATHS = (
					"$(inherited)",
					"$(PROJECT_DIR)",
					"$(PROJECT_DIR)/PetLife/Frameworks",
				);
				GCC_PREFIX_HEADER = "$(SRCROOT)/PetLife/PCHHeader.pch";
				INFOPLIST_FILE = PetLife/Info.plist;
				IPHONEOS_DEPLOYMENT_TARGET = 9.0;
				LD_RUNPATH_SEARCH_PATHS = "$(inherited) @executable_path/Frameworks";
				PRODUCT_BUNDLE_IDENTIFIER = com.lanou3g.PetLife;
				PRODUCT_NAME = "$(TARGET_NAME)";
			};
			name = Release;
		};
/* End XCBuildConfiguration section */

/* Begin XCConfigurationList section */
		C2FE049A1CBFDD740064377C /* Build configuration list for PBXProject "PetLife" */ = {
			isa = XCConfigurationList;
			buildConfigurations = (
				C2FE04B41CBFDD740064377C /* Debug */,
				C2FE04B51CBFDD740064377C /* Release */,
			);
			defaultConfigurationIsVisible = 0;
			defaultConfigurationName = Release;
		};
		C2FE04B61CBFDD740064377C /* Build configuration list for PBXNativeTarget "PetLife" */ = {
			isa = XCConfigurationList;
			buildConfigurations = (
				C2FE04B71CBFDD740064377C /* Debug */,
				C2FE04B81CBFDD740064377C /* Release */,
			);
			defaultConfigurationIsVisible = 0;
			defaultConfigurationName = Release;
		};
/* End XCConfigurationList section */
	};
	rootObject = C2FE04971CBFDD740064377C /* Project object */;
}
